
Microsoft Visual Studio Solution File, Format Version 12.00
# Visual Studio Version 16
VisualStudioVersion = 16.0.31321.278
MinimumVisualStudioVersion = 10.0.40219.1
Project("{FAE04EC0-301F-11D3-BF4B-00C04F79EFBC}") = "Classes_Wilson_Kenny", "Classes_Wilson_Kenny\Classes_Wilson_Kenny.csproj", "{F261E9B7-FFCF-48E1-80B8-1424C82F5D58}"
EndProject
Global
	GlobalSection(SolutionConfigurationPlatforms) = preSolution
		Debug|Any CPU = Debug|Any CPU
		Release|Any CPU = Release|Any CPU
	EndGlobalSection
	GlobalSection(ProjectConfigurationPlatforms) = postSolution
		{F261E9B7-FFCF-48E1-80B8-1424C82F5D58}.Debug|Any CPU.ActiveCfg = Debug|Any CPU
		{F261E9B7-FFCF-48E1-80B8-1424C82F5D58}.Debug|Any CPU.Build.0 = Debug|Any CPU
		{F261E9B7-FFCF-48E1-80B8-1424C82F5D58}.Release|Any CPU.ActiveCfg = Release|Any CPU
		{F261E9B7-FFCF-48E1-80B8-1424C82F5D58}.Release|Any CPU.Build.0 = Release|Any CPU
	EndGlobalSection
	GlobalSection(SolutionProperties) = preSolution
		HideSolutionNode = FALSE
	EndGlobalSection
	GlobalSection(ExtensibilityGlobals) = postSolution
		SolutionGuid = {909F28DD-E0BC-434E-B883-A1E6A845CDE1}
	EndGlobalSection
EndGlobal
